
Microsoft Visual Studio Solution File, Format Version 12.00
# Visual Studio Version 16
VisualStudioVersion = 16.0.31205.134
MinimumVisualStudioVersion = 10.0.40219.1
Project("{2150E333-8FDC-42A3-9474-1A3956D46DE8}") = "Services", "Services", "{FBACC5B0-5B54-436A-BAC6-0B91F230EE9B}"
EndProject
Project("{2150E333-8FDC-42A3-9474-1A3956D46DE8}") = "Catalog", "Catalog", "{5C6A93AC-B8D9-45C3-8CE6-D944A05D86D4}"
EndProject
Project("{9A19103F-16F7-4668-BE54-9A1E7A4F7556}") = "Catalog.API", "Services\Catalog\Catalog.API\Catalog.API.csproj", "{45107775-101E-4AB5-A736-27E3A17CC258}"
EndProject
Project("{E53339B2-1760-4266-BCC7-CA923CBCF16C}") = "docker-compose", "docker-compose.dcproj", "{2B64389A-CC38-4927-8910-DCC3667E39DE}"
EndProject
Project("{2150E333-8FDC-42A3-9474-1A3956D46DE8}") = "Basket", "Basket", "{56E68600-0A5E-4DE2-905D-638753146292}"
EndProject
Project("{FAE04EC0-301F-11D3-BF4B-00C04F79EFBC}") = "Basket.Api", "Services\Basket\Basket.Api\Basket.Api.csproj", "{CEF9F67B-605F-49E2-ADFC-ED7F121F8359}"
EndProject
Global
	GlobalSection(SolutionConfigurationPlatforms) = preSolution
		Debug|Any CPU = Debug|Any CPU
		Release|Any CPU = Release|Any CPU
	EndGlobalSection
	GlobalSection(ProjectConfigurationPlatforms) = postSolution
		{45107775-101E-4AB5-A736-27E3A17CC258}.Debug|Any CPU.ActiveCfg = Debug|Any CPU
		{45107775-101E-4AB5-A736-27E3A17CC258}.Debug|Any CPU.Build.0 = Debug|Any CPU
		{45107775-101E-4AB5-A736-27E3A17CC258}.Release|Any CPU.ActiveCfg = Release|Any CPU
		{45107775-101E-4AB5-A736-27E3A17CC258}.Release|Any CPU.Build.0 = Release|Any CPU
		{2B64389A-CC38-4927-8910-DCC3667E39DE}.Debug|Any CPU.ActiveCfg = Debug|Any CPU
		{2B64389A-CC38-4927-8910-DCC3667E39DE}.Debug|Any CPU.Build.0 = Debug|Any CPU
		{2B64389A-CC38-4927-8910-DCC3667E39DE}.Release|Any CPU.ActiveCfg = Release|Any CPU
		{2B64389A-CC38-4927-8910-DCC3667E39DE}.Release|Any CPU.Build.0 = Release|Any CPU
		{CEF9F67B-605F-49E2-ADFC-ED7F121F8359}.Debug|Any CPU.ActiveCfg = Debug|Any CPU
		{CEF9F67B-605F-49E2-ADFC-ED7F121F8359}.Debug|Any CPU.Build.0 = Debug|Any CPU
		{CEF9F67B-605F-49E2-ADFC-ED7F121F8359}.Release|Any CPU.ActiveCfg = Release|Any CPU
		{CEF9F67B-605F-49E2-ADFC-ED7F121F8359}.Release|Any CPU.Build.0 = Release|Any CPU
	EndGlobalSection
	GlobalSection(SolutionProperties) = preSolution
		HideSolutionNode = FALSE
	EndGlobalSection
	GlobalSection(NestedProjects) = preSolution
		{5C6A93AC-B8D9-45C3-8CE6-D944A05D86D4} = {FBACC5B0-5B54-436A-BAC6-0B91F230EE9B}
		{45107775-101E-4AB5-A736-27E3A17CC258} = {5C6A93AC-B8D9-45C3-8CE6-D944A05D86D4}
		{56E68600-0A5E-4DE2-905D-638753146292} = {FBACC5B0-5B54-436A-BAC6-0B91F230EE9B}
		{CEF9F67B-605F-49E2-ADFC-ED7F121F8359} = {56E68600-0A5E-4DE2-905D-638753146292}
	EndGlobalSection
	GlobalSection(ExtensibilityGlobals) = postSolution
		SolutionGuid = {987ABA91-0632-48EB-AF81-B6FD6C4E6570}
	EndGlobalSection
EndGlobal
